
Microsoft Visual Studio Solution File, Format Version 12.00
# Visual Studio 14
VisualStudioVersion = 14.0.25420.1
MinimumVisualStudioVersion = 10.0.40219.1
Project("{FAE04EC0-301F-11D3-BF4B-00C04F79EFBC}") = "Entidades", "Entidades\Entidades.csproj", "{D5FFB68B-655F-4CEF-AE5F-F05ED47C8CF3}"
EndProject
Project("{FAE04EC0-301F-11D3-BF4B-00C04F79EFBC}") = "DAO", "DAO\DAO.csproj", "{B69ADA54-9B62-475D-89D4-2E8514F1C815}"
EndProject
Project("{FAE04EC0-301F-11D3-BF4B-00C04F79EFBC}") = "ConsoleTeste", "ConsoleTeste\ConsoleTeste.csproj", "{806CDCEB-4617-446A-91DD-F1ECB83C8851}"
EndProject
Project("{FAE04EC0-301F-11D3-BF4B-00C04F79EFBC}") = "REINF", "REINF\REINF.csproj", "{7C766BEE-82CC-437F-B613-2AB2FA8510B5}"
EndProject
Global
	GlobalSection(SolutionConfigurationPlatforms) = preSolution
		Debug|Any CPU = Debug|Any CPU
		Release|Any CPU = Release|Any CPU
	EndGlobalSection
	GlobalSection(ProjectConfigurationPlatforms) = postSolution
		{D5FFB68B-655F-4CEF-AE5F-F05ED47C8CF3}.Debug|Any CPU.ActiveCfg = Debug|Any CPU
		{D5FFB68B-655F-4CEF-AE5F-F05ED47C8CF3}.Debug|Any CPU.Build.0 = Debug|Any CPU
		{D5FFB68B-655F-4CEF-AE5F-F05ED47C8CF3}.Release|Any CPU.ActiveCfg = Release|Any CPU
		{D5FFB68B-655F-4CEF-AE5F-F05ED47C8CF3}.Release|Any CPU.Build.0 = Release|Any CPU
		{B69ADA54-9B62-475D-89D4-2E8514F1C815}.Debug|Any CPU.ActiveCfg = Debug|Any CPU
		{B69ADA54-9B62-475D-89D4-2E8514F1C815}.Debug|Any CPU.Build.0 = Debug|Any CPU
		{B69ADA54-9B62-475D-89D4-2E8514F1C815}.Release|Any CPU.ActiveCfg = Release|Any CPU
		{B69ADA54-9B62-475D-89D4-2E8514F1C815}.Release|Any CPU.Build.0 = Release|Any CPU
		{806CDCEB-4617-446A-91DD-F1ECB83C8851}.Debug|Any CPU.ActiveCfg = Debug|Any CPU
		{806CDCEB-4617-446A-91DD-F1ECB83C8851}.Debug|Any CPU.Build.0 = Debug|Any CPU
		{806CDCEB-4617-446A-91DD-F1ECB83C8851}.Release|Any CPU.ActiveCfg = Release|Any CPU
		{806CDCEB-4617-446A-91DD-F1ECB83C8851}.Release|Any CPU.Build.0 = Release|Any CPU
		{7C766BEE-82CC-437F-B613-2AB2FA8510B5}.Debug|Any CPU.ActiveCfg = Debug|Any CPU
		{7C766BEE-82CC-437F-B613-2AB2FA8510B5}.Debug|Any CPU.Build.0 = Debug|Any CPU
		{7C766BEE-82CC-437F-B613-2AB2FA8510B5}.Release|Any CPU.ActiveCfg = Release|Any CPU
		{7C766BEE-82CC-437F-B613-2AB2FA8510B5}.Release|Any CPU.Build.0 = Release|Any CPU
	EndGlobalSection
	GlobalSection(SolutionProperties) = preSolution
		HideSolutionNode = FALSE
	EndGlobalSection
EndGlobal
